
Microsoft Visual Studio Solution File, Format Version 12.00
# Visual Studio Version 17
VisualStudioVersion = 17.3.32825.248
MinimumVisualStudioVersion = 10.0.40219.1
Project("{9A19103F-16F7-4668-BE54-9A1E7A4F7556}") = "HajurKoCarRental", "HajurKoCarRental\HajurKoCarRental.csproj", "{20A24EA9-09AC-42E3-8102-2CF5651CF773}"
EndProject
Global
	GlobalSection(SolutionConfigurationPlatforms) = preSolution
		Debug|Any CPU = Debug|Any CPU
		Release|Any CPU = Release|Any CPU
	EndGlobalSection
	GlobalSection(ProjectConfigurationPlatforms) = postSolution
		{20A24EA9-09AC-42E3-8102-2CF5651CF773}.Debug|Any CPU.ActiveCfg = Debug|Any CPU
		{20A24EA9-09AC-42E3-8102-2CF5651CF773}.Debug|Any CPU.Build.0 = Debug|Any CPU
		{20A24EA9-09AC-42E3-8102-2CF5651CF773}.Release|Any CPU.ActiveCfg = Release|Any CPU
		{20A24EA9-09AC-42E3-8102-2CF5651CF773}.Release|Any CPU.Build.0 = Release|Any CPU
	EndGlobalSection
	GlobalSection(SolutionProperties) = preSolution
		HideSolutionNode = FALSE
	EndGlobalSection
	GlobalSection(ExtensibilityGlobals) = postSolution
		SolutionGuid = {52BAB9BB-E47D-4559-9789-01460536A290}
	EndGlobalSection
EndGlobal
